<?xml version="1.0" encoding="utf-8"?>
<Project ToolsVersion="4.0" xmlns="http://schemas.microsoft.com/developer/msbuild/2003">
  <ItemGroup>
    <Filter Include="Source Files">
      <UniqueIdentifier>{4FC737F1-C7A5-4376-A066-2A32D752A2FF}</UniqueIdentifier>
      <Extensions>cpp;c;cc;cxx;def;odl;idl;hpj;bat;asm;asmx</Extensions>
    </Filter>
    <Filter Include="launch">
      <UniqueIdentifier>{0b500477-7a05-4824-b4b1-a5b78a609a75}</UniqueIdentifier>
    </Filter>
    <Filter Include="make">
      <UniqueIdentifier>{df6ee74a-4e4e-4b22-ab6e-9d785fdfa4b5}</UniqueIdentifier>
    </Filter>
    <Filter Include="srv">
      <UniqueIdentifier>{172fbab7-de93-45ae-b202-5e6be15f9251}</UniqueIdentifier>
    </Filter>
  </ItemGroup>
  <ItemGroup>
    <ClCompile Include="src\cmd_dispatcher.cpp">
      <Filter>Source Files</Filter>
    </ClCompile>
    <ClCompile Include="src\cmd_dispatcher_file.cpp">
      <Filter>Source Files</Filter>
    </ClCompile>
    <ClCompile Include="src\patrolling_and_tracking.cpp">
      <Filter>Source Files</Filter>
    </ClCompile>
    <ClCompile Include="src\prueba2.cpp">
      <Filter>Source Files</Filter>
    </ClCompile>
    <ClCompile Include="src\quad.cpp">
      <Filter>Source Files</Filter>
    </ClCompile>
    <ClCompile Include="src\radio.cpp">
      <Filter>Source Files</Filter>
    </ClCompile>
    <ClCompile Include="src\radiosim.cpp">
      <Filter>Source Files</Filter>
    </ClCompile>
  </ItemGroup>
  <ItemGroup>
    <ClInclude Include="src\quad.h">
      <Filter>Source Files</Filter>
    </ClInclude>
    <ClInclude Include="src\radio.h">
      <Filter>Source Files</Filter>
    </ClInclude>
    <ClInclude Include="src\strings_tools.h">
      <Filter>Source Files</Filter>
    </ClInclude>
  </ItemGroup>
  <ItemGroup>
    <Text Include="CMakeLists.txt">
      <Filter>make</Filter>
    </Text>
    <Text Include="CMakeLists2.txt">
      <Filter>make</Filter>
    </Text>
  </ItemGroup>
  <ItemGroup>
    <None Include="Makefile">
      <Filter>make</Filter>
    </None>
    <None Include="launch\prueba_2.launch">
      <Filter>launch</Filter>
    </None>
    <None Include="srv\servicio_nuevo.srv">
      <Filter>srv</Filter>
    </None>
  </ItemGroup>
  <ItemGroup>
    <Xml Include="manifest.xml">
      <Filter>make</Filter>
    </Xml>
  </ItemGroup>
</Project>