<?xml version="1.0" encoding="utf-8"?>
<Project ToolsVersion="4.0" xmlns="http://schemas.microsoft.com/developer/msbuild/2003">
  <ItemGroup>
    <Filter Include="src">
      <UniqueIdentifier>{7e545d56-b384-41af-b2d6-d10e7559b057}</UniqueIdentifier>
    </Filter>
    <Filter Include="launch">
      <UniqueIdentifier>{148ec360-e4fc-47ae-a15a-0a62e7aea10f}</UniqueIdentifier>
    </Filter>
    <Filter Include="make">
      <UniqueIdentifier>{ab5c1b45-6897-4be5-961d-a932808f0284}</UniqueIdentifier>
    </Filter>
  </ItemGroup>
  <ItemGroup>
    <None Include="launch\command_uav.launch">
      <Filter>launch</Filter>
    </None>
    <None Include="mainpage.dox">
      <Filter>make</Filter>
    </None>
    <None Include="Makefile">
      <Filter>make</Filter>
    </None>
  </ItemGroup>
  <ItemGroup>
    <Text Include="CMakeLists.txt">
      <Filter>make</Filter>
    </Text>
  </ItemGroup>
  <ItemGroup>
    <Xml Include="manifest.xml">
      <Filter>make</Filter>
    </Xml>
  </ItemGroup>
  <ItemGroup>
    <ClCompile Include="src\uav_vision_node.cpp">
      <Filter>src</Filter>
    </ClCompile>
    <ClCompile Include="src\ImageCatcher.cpp">
      <Filter>src</Filter>
    </ClCompile>
    <ClCompile Include="src\UavCatecRos.cpp">
      <Filter>src</Filter>
    </ClCompile>
  </ItemGroup>
  <ItemGroup>
    <ClInclude Include="src\ImageCatcher.h">
      <Filter>src</Filter>
    </ClInclude>
    <ClInclude Include="src\UavCatecRos.h">
      <Filter>src</Filter>
    </ClInclude>
  </ItemGroup>
</Project>