<?xml version="1.0" encoding="utf-8"?>
<Project ToolsVersion="4.0" xmlns="http://schemas.microsoft.com/developer/msbuild/2003">
  <ItemGroup>
    <Filter Include="src">
      <UniqueIdentifier>{4FC737F1-C7A5-4376-A066-2A32D752A2FF}</UniqueIdentifier>
      <Extensions>cpp;c;cc;cxx;def;odl;idl;hpj;bat;asm;asmx</Extensions>
    </Filter>
    <Filter Include="make">
      <UniqueIdentifier>{5176f219-e49a-4586-95ed-1b20b88f9ecb}</UniqueIdentifier>
    </Filter>
    <Filter Include="launch">
      <UniqueIdentifier>{8c05fa33-0054-4394-a251-c9dfd6b346d1}</UniqueIdentifier>
    </Filter>
  </ItemGroup>
  <ItemGroup>
    <ClCompile Include="src\cmd_dispatcher.cpp">
      <Filter>src</Filter>
    </ClCompile>
    <ClCompile Include="src\cmd_dispatcher_file.cpp">
      <Filter>src</Filter>
    </ClCompile>
    <ClCompile Include="src\patrolling_and_tracking.cpp">
      <Filter>src</Filter>
    </ClCompile>
    <ClCompile Include="src\prueba2.cpp">
      <Filter>src</Filter>
    </ClCompile>
    <ClCompile Include="src\quad.cpp">
      <Filter>src</Filter>
    </ClCompile>
    <ClCompile Include="src\radio.cpp">
      <Filter>src</Filter>
    </ClCompile>
    <ClCompile Include="src\radiosim.cpp">
      <Filter>src</Filter>
    </ClCompile>
  </ItemGroup>
  <ItemGroup>
    <ClInclude Include="src\quad.h">
      <Filter>src</Filter>
    </ClInclude>
    <ClInclude Include="src\radio.h">
      <Filter>src</Filter>
    </ClInclude>
    <ClInclude Include="src\strings_tools.h">
      <Filter>src</Filter>
    </ClInclude>
  </ItemGroup>
  <ItemGroup>
    <None Include="launch\patrolling_and_tracking.launch">
      <Filter>launch</Filter>
    </None>
    <None Include="launch\prueba_2.launch">
      <Filter>launch</Filter>
    </None>
    <None Include="launch\uavDirs">
      <Filter>launch</Filter>
    </None>
    <None Include="launch\uavHs">
      <Filter>launch</Filter>
    </None>
    <None Include="launch\uavIds">
      <Filter>launch</Filter>
    </None>
    <None Include="launch\uavIntruderId">
      <Filter>launch</Filter>
    </None>
    <None Include="launch\uavSpeeds">
      <Filter>launch</Filter>
    </None>
    <None Include="launch\uavWaypts">
      <Filter>launch</Filter>
    </None>
    <None Include="mainpage.dox">
      <Filter>make</Filter>
    </None>
    <None Include="Makefile">
      <Filter>make</Filter>
    </None>
  </ItemGroup>
  <ItemGroup>
    <Text Include="CMakeLists.txt">
      <Filter>make</Filter>
    </Text>
  </ItemGroup>
  <ItemGroup>
    <Xml Include="manifest.xml">
      <Filter>make</Filter>
    </Xml>
  </ItemGroup>
</Project>